/Users/chris/Work/Projects/Collab_Gina/analysis/bam/S2_3h.hg.stat.tsv
/Users/chris/Work/Projects/Collab_Gina/analysis/bam/S3_5h.hg.stat.tsv
/Users/chris/Work/Projects/Collab_Gina/analysis/bam/S4_5h.hg.stat.tsv
/Users/chris/Work/Projects/Collab_Gina/analysis/bam/S2_3h.xn.stat.tsv
/Users/chris/Work/Projects/Collab_Gina/analysis/bam/S3_5h.xn.stat.tsv
/Users/chris/Work/Projects/Collab_Gina/analysis/bam/S4_5h.xn.stat.tsv
/Users/chris/Work/Projects/Collab_Gina/analysis/counts/S2_3h.hg.featureCounts.txt
/Users/chris/Work/Projects/Collab_Gina/analysis/counts/S2_3h.xn.featureCounts.txt
/Users/chris/Work/Projects/Collab_Gina/analysis/counts/S3_5h.hg.featureCounts.txt
/Users/chris/Work/Projects/Collab_Gina/analysis/counts/S3_5h.xn.featureCounts.txt
/Users/chris/Work/Projects/Collab_Gina/analysis/counts/S4_5h.hg.featureCounts.txt
/Users/chris/Work/Projects/Collab_Gina/analysis/counts/S4_5h.xn.featureCounts.txt
/Users/chris/Work/Projects/Collab_Gina/analysis/bam/S2_3h.hg.bam
/Users/chris/Work/Projects/Collab_Gina/analysis/bam/S2_3h.xn.bam
/Users/chris/Work/Projects/Collab_Gina/data/Xeno_S2.fq.gz
/Users/chris/Work/Projects/Collab_Gina/data/Xeno_S2.fq.gz
/Users/chris/Work/Projects/Collab_Gina/analysis/bam/S3_5h.hg.bam
/Users/chris/Work/Projects/Collab_Gina/analysis/bam/S3_5h.xn.bam
/Users/chris/Work/Projects/Collab_Gina/data/Xeno_S3.fq.gz
/Users/chris/Work/Projects/Collab_Gina/data/Xeno_S3.fq.gz
/Users/chris/Work/Projects/Collab_Gina/analysis/bam/S4_5h.hg.bam
/Users/chris/Work/Projects/Collab_Gina/analysis/bam/S4_5h.xn.bam
/Users/chris/Work/Projects/Collab_Gina/data/Xeno_S4.fq.gz
/Users/chris/Work/Projects/Collab_Gina/data/Xeno_S4.fq.gz
/Users/chris/Work/Projects/Collab_Gina/analysis/bam/S2_3h.hg.bam
/Users/chris/Documents/src/hg38/annotation/gencode.v46.basic.annotation.gtf
/Users/chris/Work/Projects/Collab_Gina/analysis/bam/S2_3h.xn.bam
/Users/chris/Documents/src/mm35/gtf/gencode.vM35.basic.annotation.gtf
/Users/chris/Work/Projects/Collab_Gina/analysis/bam/S3_5h.hg.bam
/Users/chris/Documents/src/hg38/annotation/gencode.v46.basic.annotation.gtf
/Users/chris/Work/Projects/Collab_Gina/analysis/bam/S3_5h.xn.bam
/Users/chris/Documents/src/mm35/gtf/gencode.vM35.basic.annotation.gtf
/Users/chris/Work/Projects/Collab_Gina/analysis/bam/S4_5h.hg.bam
/Users/chris/Documents/src/hg38/annotation/gencode.v46.basic.annotation.gtf
/Users/chris/Work/Projects/Collab_Gina/analysis/bam/S4_5h.xn.bam
/Users/chris/Documents/src/mm35/gtf/gencode.vM35.basic.annotation.gtf
